
Microsoft Visual Studio Solution File, Format Version 12.00
# Visual Studio Version 17
VisualStudioVersion = 17.0.31903.59
MinimumVisualStudioVersion = 10.0.40219.1
Project("{FAE04EC0-301F-11D3-BF4B-00C04F79EFBC}") = "CloseDriver.Core", "CloseDriver.Core\CloseDriver.Core.csproj", "{3F74A3A3-D3B8-4772-9EA8-782A80D13BC5}"
EndProject
Project("{FAE04EC0-301F-11D3-BF4B-00C04F79EFBC}") = "CloseDriver.Wpf", "CloseDriver.Wpf\CloseDriver.Wpf.csproj", "{76F40368-921C-4F11-9C5F-95E52E579395}"
EndProject
Project("{FAE04EC0-301F-11D3-BF4B-00C04F79EFBC}") = "CloseDriver.Tests", "CloseDriver.Tests\CloseDriver.Tests.csproj", "{5601BB9A-C741-45D5-BFBE-8381F0288CF2}"
EndProject
Global
	GlobalSection(SolutionConfigurationPlatforms) = preSolution
		Debug|Any CPU = Debug|Any CPU
		Release|Any CPU = Release|Any CPU
	EndGlobalSection
	GlobalSection(SolutionProperties) = preSolution
		HideSolutionNode = FALSE
	EndGlobalSection
	GlobalSection(ProjectConfigurationPlatforms) = postSolution
		{3F74A3A3-D3B8-4772-9EA8-782A80D13BC5}.Debug|Any CPU.ActiveCfg = Debug|Any CPU
		{3F74A3A3-D3B8-4772-9EA8-782A80D13BC5}.Debug|Any CPU.Build.0 = Debug|Any CPU
		{3F74A3A3-D3B8-4772-9EA8-782A80D13BC5}.Release|Any CPU.ActiveCfg = Release|Any CPU
		{3F74A3A3-D3B8-4772-9EA8-782A80D13BC5}.Release|Any CPU.Build.0 = Release|Any CPU
		{76F40368-921C-4F11-9C5F-95E52E579395}.Debug|Any CPU.ActiveCfg = Debug|Any CPU
		{76F40368-921C-4F11-9C5F-95E52E579395}.Debug|Any CPU.Build.0 = Debug|Any CPU
		{76F40368-921C-4F11-9C5F-95E52E579395}.Release|Any CPU.ActiveCfg = Release|Any CPU
		{76F40368-921C-4F11-9C5F-95E52E579395}.Release|Any CPU.Build.0 = Release|Any CPU
		{5601BB9A-C741-45D5-BFBE-8381F0288CF2}.Debug|Any CPU.ActiveCfg = Debug|Any CPU
		{5601BB9A-C741-45D5-BFBE-8381F0288CF2}.Debug|Any CPU.Build.0 = Debug|Any CPU
		{5601BB9A-C741-45D5-BFBE-8381F0288CF2}.Release|Any CPU.ActiveCfg = Release|Any CPU
		{5601BB9A-C741-45D5-BFBE-8381F0288CF2}.Release|Any CPU.Build.0 = Release|Any CPU
	EndGlobalSection
EndGlobal
